
Microsoft Visual Studio Solution File, Format Version 12.00
# Visual Studio Version 17
VisualStudioVersion = 17.2.32616.157
MinimumVisualStudioVersion = 10.0.40219.1
Project("{9A19103F-16F7-4668-BE54-9A1E7A4F7556}") = "Ecommerce_Rookie_NashTech_Backend", "Ecommerce_Rookie_NashTech\Ecommerce_Rookie_NashTech_Backend.csproj", "{D7CFA9C2-AD6C-4672-8E80-750C4D426E15}"
EndProject
Project("{9A19103F-16F7-4668-BE54-9A1E7A4F7556}") = "Data", "Data\Data.csproj", "{B7810A29-00E6-4F8E-8C3D-04EE036666F9}"
EndProject
Project("{9A19103F-16F7-4668-BE54-9A1E7A4F7556}") = "Services", "Services\Services.csproj", "{A9DA1A84-72E0-4ED1-A8AF-F032F49AF5EC}"
EndProject
Project("{9A19103F-16F7-4668-BE54-9A1E7A4F7556}") = "Ecommerce_Rookie_NashTech_CustomerFrontend", "Ecommerce_Rookie_NashTech_CustomerFrontend\Ecommerce_Rookie_NashTech_CustomerFrontend.csproj", "{6966D369-1D3A-40F0-9B14-10FA7F238BAC}"
EndProject
Project("{FAE04EC0-301F-11D3-BF4B-00C04F79EFBC}") = "ViewModels", "ViewModels\ViewModels.csproj", "{5388BBCB-DCCC-451F-AF0C-C89A386EF93D}"
EndProject
Global
	GlobalSection(SolutionConfigurationPlatforms) = preSolution
		Debug|Any CPU = Debug|Any CPU
		Release|Any CPU = Release|Any CPU
	EndGlobalSection
	GlobalSection(ProjectConfigurationPlatforms) = postSolution
		{D7CFA9C2-AD6C-4672-8E80-750C4D426E15}.Debug|Any CPU.ActiveCfg = Debug|Any CPU
		{D7CFA9C2-AD6C-4672-8E80-750C4D426E15}.Debug|Any CPU.Build.0 = Debug|Any CPU
		{D7CFA9C2-AD6C-4672-8E80-750C4D426E15}.Release|Any CPU.ActiveCfg = Release|Any CPU
		{D7CFA9C2-AD6C-4672-8E80-750C4D426E15}.Release|Any CPU.Build.0 = Release|Any CPU
		{B7810A29-00E6-4F8E-8C3D-04EE036666F9}.Debug|Any CPU.ActiveCfg = Debug|Any CPU
		{B7810A29-00E6-4F8E-8C3D-04EE036666F9}.Debug|Any CPU.Build.0 = Debug|Any CPU
		{B7810A29-00E6-4F8E-8C3D-04EE036666F9}.Release|Any CPU.ActiveCfg = Release|Any CPU
		{B7810A29-00E6-4F8E-8C3D-04EE036666F9}.Release|Any CPU.Build.0 = Release|Any CPU
		{A9DA1A84-72E0-4ED1-A8AF-F032F49AF5EC}.Debug|Any CPU.ActiveCfg = Debug|Any CPU
		{A9DA1A84-72E0-4ED1-A8AF-F032F49AF5EC}.Debug|Any CPU.Build.0 = Debug|Any CPU
		{A9DA1A84-72E0-4ED1-A8AF-F032F49AF5EC}.Release|Any CPU.ActiveCfg = Release|Any CPU
		{A9DA1A84-72E0-4ED1-A8AF-F032F49AF5EC}.Release|Any CPU.Build.0 = Release|Any CPU
		{6966D369-1D3A-40F0-9B14-10FA7F238BAC}.Debug|Any CPU.ActiveCfg = Debug|Any CPU
		{6966D369-1D3A-40F0-9B14-10FA7F238BAC}.Debug|Any CPU.Build.0 = Debug|Any CPU
		{6966D369-1D3A-40F0-9B14-10FA7F238BAC}.Release|Any CPU.ActiveCfg = Release|Any CPU
		{6966D369-1D3A-40F0-9B14-10FA7F238BAC}.Release|Any CPU.Build.0 = Release|Any CPU
		{5388BBCB-DCCC-451F-AF0C-C89A386EF93D}.Debug|Any CPU.ActiveCfg = Debug|Any CPU
		{5388BBCB-DCCC-451F-AF0C-C89A386EF93D}.Debug|Any CPU.Build.0 = Debug|Any CPU
		{5388BBCB-DCCC-451F-AF0C-C89A386EF93D}.Release|Any CPU.ActiveCfg = Release|Any CPU
		{5388BBCB-DCCC-451F-AF0C-C89A386EF93D}.Release|Any CPU.Build.0 = Release|Any CPU
	EndGlobalSection
	GlobalSection(SolutionProperties) = preSolution
		HideSolutionNode = FALSE
	EndGlobalSection
	GlobalSection(ExtensibilityGlobals) = postSolution
		SolutionGuid = {5F913950-C243-46EF-AAF3-BFA505BE4ED3}
	EndGlobalSection
EndGlobal
